
Microsoft Visual Studio Solution File, Format Version 12.00
Project("{FAE04EC0-301F-11D3-BF4B-00C04F79EFBC}") = "MVC_NET_Core_Assignment_1", "MVC_NET_Core_Assignment_1\MVC_NET_Core_Assignment_1.csproj", "{76B7FA85-2542-4FAF-9443-8EB9A008919E}"
EndProject
Global
	GlobalSection(SolutionConfigurationPlatforms) = preSolution
		Debug|Any CPU = Debug|Any CPU
		Release|Any CPU = Release|Any CPU
	EndGlobalSection
	GlobalSection(ProjectConfigurationPlatforms) = postSolution
		{76B7FA85-2542-4FAF-9443-8EB9A008919E}.Debug|Any CPU.ActiveCfg = Debug|Any CPU
		{76B7FA85-2542-4FAF-9443-8EB9A008919E}.Debug|Any CPU.Build.0 = Debug|Any CPU
		{76B7FA85-2542-4FAF-9443-8EB9A008919E}.Release|Any CPU.ActiveCfg = Release|Any CPU
		{76B7FA85-2542-4FAF-9443-8EB9A008919E}.Release|Any CPU.Build.0 = Release|Any CPU
	EndGlobalSection
EndGlobal
